
Microsoft Visual Studio Solution File, Format Version 12.00
# Visual Studio Version 17
VisualStudioVersion = 17.1.32127.271
MinimumVisualStudioVersion = 10.0.40219.1
Project("{9A19103F-16F7-4668-BE54-9A1E7A4F7556}") = "Timesheets.API", "Timesheets.API\Timesheets.API.csproj", "{8B1793E1-9239-437C-9106-93384CD891DC}"
EndProject
Project("{9A19103F-16F7-4668-BE54-9A1E7A4F7556}") = "Timesheets.Core", "Timesheets.Core\Timesheets.Core.csproj", "{8DA4086D-F10D-4A27-BA0C-AF432C1BD3F8}"
EndProject
Project("{9A19103F-16F7-4668-BE54-9A1E7A4F7556}") = "Timesheets.Storage", "Timesheets.Storage\Timesheets.Storage.csproj", "{073BD6B4-95AA-4491-B7C6-1ABD6682B859}"
EndProject
Project("{9A19103F-16F7-4668-BE54-9A1E7A4F7556}") = "Timesheets.Domain", "Timesheets.Domain\Timesheets.Domain.csproj", "{BDA0EA88-B1DB-4BFB-B4C8-1FDCB6DC7623}"
EndProject
Project("{9A19103F-16F7-4668-BE54-9A1E7A4F7556}") = "Timesheets.Interfaces", "Timesheets.Interfaces\Timesheets.Interfaces.csproj", "{6CEF2627-D458-4511-8F39-C85094E21D65}"
EndProject
Project("{9A19103F-16F7-4668-BE54-9A1E7A4F7556}") = "Timesheers.Entities", "Timesheers.Entities\Timesheers.Entities.csproj", "{E5166977-3C59-4CFD-B2F2-B1305A4E29AE}"
EndProject
Project("{FAE04EC0-301F-11D3-BF4B-00C04F79EFBC}") = "Timesheets.Tests", "Timesheets.Tests\Timesheets.Tests.csproj", "{5836E5B7-DDAE-42C7-BEE9-1CF68365BA39}"
EndProject
Global
	GlobalSection(SolutionConfigurationPlatforms) = preSolution
		Debug|Any CPU = Debug|Any CPU
		Release|Any CPU = Release|Any CPU
	EndGlobalSection
	GlobalSection(ProjectConfigurationPlatforms) = postSolution
		{8B1793E1-9239-437C-9106-93384CD891DC}.Debug|Any CPU.ActiveCfg = Debug|Any CPU
		{8B1793E1-9239-437C-9106-93384CD891DC}.Debug|Any CPU.Build.0 = Debug|Any CPU
		{8B1793E1-9239-437C-9106-93384CD891DC}.Release|Any CPU.ActiveCfg = Release|Any CPU
		{8B1793E1-9239-437C-9106-93384CD891DC}.Release|Any CPU.Build.0 = Release|Any CPU
		{8DA4086D-F10D-4A27-BA0C-AF432C1BD3F8}.Debug|Any CPU.ActiveCfg = Debug|Any CPU
		{8DA4086D-F10D-4A27-BA0C-AF432C1BD3F8}.Debug|Any CPU.Build.0 = Debug|Any CPU
		{8DA4086D-F10D-4A27-BA0C-AF432C1BD3F8}.Release|Any CPU.ActiveCfg = Release|Any CPU
		{8DA4086D-F10D-4A27-BA0C-AF432C1BD3F8}.Release|Any CPU.Build.0 = Release|Any CPU
		{073BD6B4-95AA-4491-B7C6-1ABD6682B859}.Debug|Any CPU.ActiveCfg = Debug|Any CPU
		{073BD6B4-95AA-4491-B7C6-1ABD6682B859}.Debug|Any CPU.Build.0 = Debug|Any CPU
		{073BD6B4-95AA-4491-B7C6-1ABD6682B859}.Release|Any CPU.ActiveCfg = Release|Any CPU
		{073BD6B4-95AA-4491-B7C6-1ABD6682B859}.Release|Any CPU.Build.0 = Release|Any CPU
		{BDA0EA88-B1DB-4BFB-B4C8-1FDCB6DC7623}.Debug|Any CPU.ActiveCfg = Debug|Any CPU
		{BDA0EA88-B1DB-4BFB-B4C8-1FDCB6DC7623}.Debug|Any CPU.Build.0 = Debug|Any CPU
		{BDA0EA88-B1DB-4BFB-B4C8-1FDCB6DC7623}.Release|Any CPU.ActiveCfg = Release|Any CPU
		{BDA0EA88-B1DB-4BFB-B4C8-1FDCB6DC7623}.Release|Any CPU.Build.0 = Release|Any CPU
		{6CEF2627-D458-4511-8F39-C85094E21D65}.Debug|Any CPU.ActiveCfg = Debug|Any CPU
		{6CEF2627-D458-4511-8F39-C85094E21D65}.Debug|Any CPU.Build.0 = Debug|Any CPU
		{6CEF2627-D458-4511-8F39-C85094E21D65}.Release|Any CPU.ActiveCfg = Release|Any CPU
		{6CEF2627-D458-4511-8F39-C85094E21D65}.Release|Any CPU.Build.0 = Release|Any CPU
		{E5166977-3C59-4CFD-B2F2-B1305A4E29AE}.Debug|Any CPU.ActiveCfg = Debug|Any CPU
		{E5166977-3C59-4CFD-B2F2-B1305A4E29AE}.Debug|Any CPU.Build.0 = Debug|Any CPU
		{E5166977-3C59-4CFD-B2F2-B1305A4E29AE}.Release|Any CPU.ActiveCfg = Release|Any CPU
		{E5166977-3C59-4CFD-B2F2-B1305A4E29AE}.Release|Any CPU.Build.0 = Release|Any CPU
		{5836E5B7-DDAE-42C7-BEE9-1CF68365BA39}.Debug|Any CPU.ActiveCfg = Debug|Any CPU
		{5836E5B7-DDAE-42C7-BEE9-1CF68365BA39}.Debug|Any CPU.Build.0 = Debug|Any CPU
		{5836E5B7-DDAE-42C7-BEE9-1CF68365BA39}.Release|Any CPU.ActiveCfg = Release|Any CPU
		{5836E5B7-DDAE-42C7-BEE9-1CF68365BA39}.Release|Any CPU.Build.0 = Release|Any CPU
	EndGlobalSection
	GlobalSection(SolutionProperties) = preSolution
		HideSolutionNode = FALSE
	EndGlobalSection
	GlobalSection(ExtensibilityGlobals) = postSolution
		SolutionGuid = {DE6F92A9-84E7-4387-A211-D1630401D45F}
	EndGlobalSection
EndGlobal
